
Microsoft Visual Studio Solution File, Format Version 12.00
# Visual Studio Version 17
VisualStudioVersion = 17.9.34728.123
MinimumVisualStudioVersion = 10.0.40219.1
Project("{9A19103F-16F7-4668-BE54-9A1E7A4F7556}") = "BackEnd_Api", "BackEndApi\BackEnd_Api.csproj", "{392CA245-8D99-4875-93D9-5CBFE6EDA7D0}"
EndProject
Project("{9A19103F-16F7-4668-BE54-9A1E7A4F7556}") = "ViewModels", "ViewModels\ViewModels.csproj", "{D573A29F-1EBC-4702-985C-10AE6A6FBDF1}"
EndProject
Project("{9A19103F-16F7-4668-BE54-9A1E7A4F7556}") = "Customer_MVC", "CustomerBackEnd\Customer_MVC.csproj", "{0560878C-06D4-414D-888F-164901BB17DE}"
EndProject
Project("{2150E333-8FDC-42A3-9474-1A3956D46DE8}") = "AdminFE", "AdminFE", "{577DEDF2-C490-4A80-A423-36AEB812BB73}"
EndProject
Project("{FAE04EC0-301F-11D3-BF4B-00C04F79EFBC}") = "ApiTest", "ApiTest\ApiTest.csproj", "{C5BB0A0C-6CC7-4C7D-8ED6-CC16DA5A042C}"
EndProject
Global
	GlobalSection(SolutionConfigurationPlatforms) = preSolution
		Debug|Any CPU = Debug|Any CPU
		Release|Any CPU = Release|Any CPU
	EndGlobalSection
	GlobalSection(ProjectConfigurationPlatforms) = postSolution
		{392CA245-8D99-4875-93D9-5CBFE6EDA7D0}.Debug|Any CPU.ActiveCfg = Debug|Any CPU
		{392CA245-8D99-4875-93D9-5CBFE6EDA7D0}.Debug|Any CPU.Build.0 = Debug|Any CPU
		{392CA245-8D99-4875-93D9-5CBFE6EDA7D0}.Release|Any CPU.ActiveCfg = Release|Any CPU
		{392CA245-8D99-4875-93D9-5CBFE6EDA7D0}.Release|Any CPU.Build.0 = Release|Any CPU
		{D573A29F-1EBC-4702-985C-10AE6A6FBDF1}.Debug|Any CPU.ActiveCfg = Debug|Any CPU
		{D573A29F-1EBC-4702-985C-10AE6A6FBDF1}.Debug|Any CPU.Build.0 = Debug|Any CPU
		{D573A29F-1EBC-4702-985C-10AE6A6FBDF1}.Release|Any CPU.ActiveCfg = Release|Any CPU
		{D573A29F-1EBC-4702-985C-10AE6A6FBDF1}.Release|Any CPU.Build.0 = Release|Any CPU
		{0560878C-06D4-414D-888F-164901BB17DE}.Debug|Any CPU.ActiveCfg = Debug|Any CPU
		{0560878C-06D4-414D-888F-164901BB17DE}.Debug|Any CPU.Build.0 = Debug|Any CPU
		{0560878C-06D4-414D-888F-164901BB17DE}.Release|Any CPU.ActiveCfg = Release|Any CPU
		{0560878C-06D4-414D-888F-164901BB17DE}.Release|Any CPU.Build.0 = Release|Any CPU
		{C5BB0A0C-6CC7-4C7D-8ED6-CC16DA5A042C}.Debug|Any CPU.ActiveCfg = Debug|Any CPU
		{C5BB0A0C-6CC7-4C7D-8ED6-CC16DA5A042C}.Debug|Any CPU.Build.0 = Debug|Any CPU
		{C5BB0A0C-6CC7-4C7D-8ED6-CC16DA5A042C}.Release|Any CPU.ActiveCfg = Release|Any CPU
		{C5BB0A0C-6CC7-4C7D-8ED6-CC16DA5A042C}.Release|Any CPU.Build.0 = Release|Any CPU
	EndGlobalSection
	GlobalSection(SolutionProperties) = preSolution
		HideSolutionNode = FALSE
	EndGlobalSection
	GlobalSection(ExtensibilityGlobals) = postSolution
		SolutionGuid = {47159AD6-430B-41F1-8C80-46FCCD1B4AA8}
	EndGlobalSection
EndGlobal
